
Microsoft Visual Studio Solution File, Format Version 12.00
# Visual Studio Version 16
VisualStudioVersion = 16.0.30717.126
MinimumVisualStudioVersion = 10.0.40219.1
Project("{9A19103F-16F7-4668-BE54-9A1E7A4F7556}") = "School.MicroService.TeacherService", "School.MicroService.TeacherService\School.MicroService.TeacherService.csproj", "{519C47B1-2874-465C-90C9-23C5A6D55FD6}"
EndProject
Project("{9A19103F-16F7-4668-BE54-9A1E7A4F7556}") = "School.MicroService.Core", "School.MicroService.Core\School.MicroService.Core.csproj", "{8121422F-578E-473F-A6D9-F4D871EBC4F7}"
EndProject
Global
	GlobalSection(SolutionConfigurationPlatforms) = preSolution
		Debug|Any CPU = Debug|Any CPU
		Release|Any CPU = Release|Any CPU
	EndGlobalSection
	GlobalSection(ProjectConfigurationPlatforms) = postSolution
		{519C47B1-2874-465C-90C9-23C5A6D55FD6}.Debug|Any CPU.ActiveCfg = Debug|Any CPU
		{519C47B1-2874-465C-90C9-23C5A6D55FD6}.Debug|Any CPU.Build.0 = Debug|Any CPU
		{519C47B1-2874-465C-90C9-23C5A6D55FD6}.Release|Any CPU.ActiveCfg = Release|Any CPU
		{519C47B1-2874-465C-90C9-23C5A6D55FD6}.Release|Any CPU.Build.0 = Release|Any CPU
		{8121422F-578E-473F-A6D9-F4D871EBC4F7}.Debug|Any CPU.ActiveCfg = Debug|Any CPU
		{8121422F-578E-473F-A6D9-F4D871EBC4F7}.Debug|Any CPU.Build.0 = Debug|Any CPU
		{8121422F-578E-473F-A6D9-F4D871EBC4F7}.Release|Any CPU.ActiveCfg = Release|Any CPU
		{8121422F-578E-473F-A6D9-F4D871EBC4F7}.Release|Any CPU.Build.0 = Release|Any CPU
	EndGlobalSection
	GlobalSection(SolutionProperties) = preSolution
		HideSolutionNode = FALSE
	EndGlobalSection
	GlobalSection(ExtensibilityGlobals) = postSolution
		SolutionGuid = {5F1C21D2-216C-40BB-ABEB-BB4A68E0DE3B}
	EndGlobalSection
EndGlobal
